
Microsoft Visual Studio Solution File, Format Version 12.00
# Visual Studio Version 17
VisualStudioVersion = 17.5.33530.505
MinimumVisualStudioVersion = 10.0.40219.1
Project("{FAE04EC0-301F-11D3-BF4B-00C04F79EFBC}") = "WindowsFormsApp1", "WindowsFormsApp1.csproj", "{8995CA91-A2CE-4040-8E4F-4C66F798B84B}"
EndProject
Global
	GlobalSection(SolutionConfigurationPlatforms) = preSolution
		Debug|Any CPU = Debug|Any CPU
		Release|Any CPU = Release|Any CPU
	EndGlobalSection
	GlobalSection(ProjectConfigurationPlatforms) = postSolution
		{8995CA91-A2CE-4040-8E4F-4C66F798B84B}.Debug|Any CPU.ActiveCfg = Debug|Any CPU
		{8995CA91-A2CE-4040-8E4F-4C66F798B84B}.Debug|Any CPU.Build.0 = Debug|Any CPU
		{8995CA91-A2CE-4040-8E4F-4C66F798B84B}.Release|Any CPU.ActiveCfg = Release|Any CPU
		{8995CA91-A2CE-4040-8E4F-4C66F798B84B}.Release|Any CPU.Build.0 = Release|Any CPU
	EndGlobalSection
	GlobalSection(SolutionProperties) = preSolution
		HideSolutionNode = FALSE
	EndGlobalSection
	GlobalSection(ExtensibilityGlobals) = postSolution
		SolutionGuid = {51DCA6E3-8678-4569-A1EE-68D830F12800}
	EndGlobalSection
EndGlobal
